
Microsoft Visual Studio Solution File, Format Version 12.00
# Visual Studio Version 17
VisualStudioVersion = 17.8.34525.116
MinimumVisualStudioVersion = 10.0.40219.1
Project("{FAE04EC0-301F-11D3-BF4B-00C04F79EFBC}") = "GroceryApp", "GroceryApp\GroceryApp.csproj", "{5AD54848-EECE-4560-85F7-CE0FF84C74B0}"
EndProject
Global
	GlobalSection(SolutionConfigurationPlatforms) = preSolution
		Debug|Any CPU = Debug|Any CPU
		Release|Any CPU = Release|Any CPU
	EndGlobalSection
	GlobalSection(ProjectConfigurationPlatforms) = postSolution
		{5AD54848-EECE-4560-85F7-CE0FF84C74B0}.Debug|Any CPU.ActiveCfg = Debug|Any CPU
		{5AD54848-EECE-4560-85F7-CE0FF84C74B0}.Debug|Any CPU.Build.0 = Debug|Any CPU
		{5AD54848-EECE-4560-85F7-CE0FF84C74B0}.Release|Any CPU.ActiveCfg = Release|Any CPU
		{5AD54848-EECE-4560-85F7-CE0FF84C74B0}.Release|Any CPU.Build.0 = Release|Any CPU
	EndGlobalSection
	GlobalSection(SolutionProperties) = preSolution
		HideSolutionNode = FALSE
	EndGlobalSection
	GlobalSection(ExtensibilityGlobals) = postSolution
		SolutionGuid = {486D2A3E-F875-4CB4-9A06-E0BB37C0F3D0}
	EndGlobalSection
EndGlobal
